
Microsoft Visual Studio Solution File, Format Version 11.00
# Visual Studio 2010
Project("{FAE04EC0-301F-11D3-BF4B-00C04F79EFBC}") = "Prince of Persia", "Assembly-CSharp.csproj", "{4A8D9EC5-EF7C-1E1C-9B46-0AAEE00666FF}"
EndProject
Project("{FAE04EC0-301F-11D3-BF4B-00C04F79EFBC}") = "Prince of Persia", "Assembly-CSharp-Editor.csproj", "{240F390D-885A-6A18-5590-89C98239007E}"
EndProject
Global
	GlobalSection(SolutionConfigurationPlatforms) = preSolution
		Debug|Any CPU = Debug|Any CPU
		Release|Any CPU = Release|Any CPU
	EndGlobalSection
	GlobalSection(ProjectConfigurationPlatforms) = postSolution
		{4A8D9EC5-EF7C-1E1C-9B46-0AAEE00666FF}.Debug|Any CPU.ActiveCfg = Debug|Any CPU
		{4A8D9EC5-EF7C-1E1C-9B46-0AAEE00666FF}.Debug|Any CPU.Build.0 = Debug|Any CPU
		{4A8D9EC5-EF7C-1E1C-9B46-0AAEE00666FF}.Release|Any CPU.ActiveCfg = Release|Any CPU
		{4A8D9EC5-EF7C-1E1C-9B46-0AAEE00666FF}.Release|Any CPU.Build.0 = Release|Any CPU
		{240F390D-885A-6A18-5590-89C98239007E}.Debug|Any CPU.ActiveCfg = Debug|Any CPU
		{240F390D-885A-6A18-5590-89C98239007E}.Debug|Any CPU.Build.0 = Debug|Any CPU
		{240F390D-885A-6A18-5590-89C98239007E}.Release|Any CPU.ActiveCfg = Release|Any CPU
		{240F390D-885A-6A18-5590-89C98239007E}.Release|Any CPU.Build.0 = Release|Any CPU
	EndGlobalSection
	GlobalSection(SolutionProperties) = preSolution
		HideSolutionNode = FALSE
	EndGlobalSection
	GlobalSection(MonoDevelopProperties) = preSolution
		StartupItem = Assembly-CSharp.csproj
	EndGlobalSection
EndGlobal
